
Microsoft Visual Studio Solution File, Format Version 12.00
# Visual Studio 15
VisualStudioVersion = 15.0.26228.4
MinimumVisualStudioVersion = 10.0.40219.1
Project("{2150E333-8FDC-42A3-9474-1A3956D46DE8}") = "Source", "Source", "{4ECBB81F-74CE-47E2-B715-F54FC7FAC9E1}"
EndProject
Project("{2150E333-8FDC-42A3-9474-1A3956D46DE8}") = "Tests", "Tests", "{D738296D-9241-492B-B1E3-B2AC29B4C5A5}"
EndProject
Project("{9A19103F-16F7-4668-BE54-9A1E7A4F7556}") = "SelfishSmtp", "src\SelfishSmtp\SelfishSmtp.csproj", "{F05C3940-9FD9-4CD8-A5C1-61A47D15D3CA}"
EndProject
Project("{FAE04EC0-301F-11D3-BF4B-00C04F79EFBC}") = "SelfishSmtp.Tests", "tests\SelfishSmtp.Tests\SelfishSmtp.Tests.csproj", "{53F6732D-400F-4125-9B93-8537B6B81B10}"
EndProject
Global
	GlobalSection(SolutionConfigurationPlatforms) = preSolution
		Debug|Any CPU = Debug|Any CPU
		Release|Any CPU = Release|Any CPU
	EndGlobalSection
	GlobalSection(ProjectConfigurationPlatforms) = postSolution
		{F05C3940-9FD9-4CD8-A5C1-61A47D15D3CA}.Debug|Any CPU.ActiveCfg = Debug|Any CPU
		{F05C3940-9FD9-4CD8-A5C1-61A47D15D3CA}.Debug|Any CPU.Build.0 = Debug|Any CPU
		{F05C3940-9FD9-4CD8-A5C1-61A47D15D3CA}.Release|Any CPU.ActiveCfg = Release|Any CPU
		{F05C3940-9FD9-4CD8-A5C1-61A47D15D3CA}.Release|Any CPU.Build.0 = Release|Any CPU
		{53F6732D-400F-4125-9B93-8537B6B81B10}.Debug|Any CPU.ActiveCfg = Debug|Any CPU
		{53F6732D-400F-4125-9B93-8537B6B81B10}.Debug|Any CPU.Build.0 = Debug|Any CPU
		{53F6732D-400F-4125-9B93-8537B6B81B10}.Release|Any CPU.ActiveCfg = Release|Any CPU
		{53F6732D-400F-4125-9B93-8537B6B81B10}.Release|Any CPU.Build.0 = Release|Any CPU
	EndGlobalSection
	GlobalSection(SolutionProperties) = preSolution
		HideSolutionNode = FALSE
	EndGlobalSection
	GlobalSection(NestedProjects) = preSolution
		{F05C3940-9FD9-4CD8-A5C1-61A47D15D3CA} = {4ECBB81F-74CE-47E2-B715-F54FC7FAC9E1}
		{53F6732D-400F-4125-9B93-8537B6B81B10} = {D738296D-9241-492B-B1E3-B2AC29B4C5A5}
	EndGlobalSection
EndGlobal
